
Microsoft Visual Studio Solution File, Format Version 12.00
# Visual Studio 2013
VisualStudioVersion = 12.0.31101.0
MinimumVisualStudioVersion = 10.0.40219.1
Project("{FAE04EC0-301F-11D3-BF4B-00C04F79EFBC}") = "kRPGToolsDriver", "kRPGToolsDriver\kRPGToolsDriver.csproj", "{F7CD9910-7783-4B7B-A742-BCC0542A71CC}"
EndProject
Project("{FAE04EC0-301F-11D3-BF4B-00C04F79EFBC}") = "kRPGToolsDataTypes", "kRPGToolsDataTypes\kRPGToolsDataTypes.csproj", "{F89C2FA7-798A-4573-851F-5A39F5AD9608}"
EndProject
Project("{FAE04EC0-301F-11D3-BF4B-00C04F79EFBC}") = "kRPGToolsUtil", "kRPGToolsUtil\kRPGToolsUtil.csproj", "{C332E74C-B648-47F5-9C01-137362F1600F}"
EndProject
Global
	GlobalSection(SolutionConfigurationPlatforms) = preSolution
		Debug|Any CPU = Debug|Any CPU
		Release|Any CPU = Release|Any CPU
	EndGlobalSection
	GlobalSection(ProjectConfigurationPlatforms) = postSolution
		{F7CD9910-7783-4B7B-A742-BCC0542A71CC}.Debug|Any CPU.ActiveCfg = Debug|Any CPU
		{F7CD9910-7783-4B7B-A742-BCC0542A71CC}.Debug|Any CPU.Build.0 = Debug|Any CPU
		{F7CD9910-7783-4B7B-A742-BCC0542A71CC}.Release|Any CPU.ActiveCfg = Release|Any CPU
		{F7CD9910-7783-4B7B-A742-BCC0542A71CC}.Release|Any CPU.Build.0 = Release|Any CPU
		{F89C2FA7-798A-4573-851F-5A39F5AD9608}.Debug|Any CPU.ActiveCfg = Debug|Any CPU
		{F89C2FA7-798A-4573-851F-5A39F5AD9608}.Debug|Any CPU.Build.0 = Debug|Any CPU
		{F89C2FA7-798A-4573-851F-5A39F5AD9608}.Release|Any CPU.ActiveCfg = Release|Any CPU
		{F89C2FA7-798A-4573-851F-5A39F5AD9608}.Release|Any CPU.Build.0 = Release|Any CPU
		{C332E74C-B648-47F5-9C01-137362F1600F}.Debug|Any CPU.ActiveCfg = Debug|Any CPU
		{C332E74C-B648-47F5-9C01-137362F1600F}.Debug|Any CPU.Build.0 = Debug|Any CPU
		{C332E74C-B648-47F5-9C01-137362F1600F}.Release|Any CPU.ActiveCfg = Release|Any CPU
		{C332E74C-B648-47F5-9C01-137362F1600F}.Release|Any CPU.Build.0 = Release|Any CPU
	EndGlobalSection
	GlobalSection(SolutionProperties) = preSolution
		HideSolutionNode = FALSE
	EndGlobalSection
EndGlobal
